{
  "name": "foo",
  "version": "1.0.0",
  "lockfileVersion": 2,
  "requires": true,
  "packages": {
    "": {
      "name": "foo",
      "version": "1.0.0",
      "license": "MIT",
      "workspaces": [
        "./packages/*",
        "./commons/*",
        "./apps/*"
      ]
    },
    "apps/app-a": {
      "name": "@foo/app-a",
      "version": "1.0.0",
      "dependencies": {
        "@foo/package-a": "1.0.0",
        "uuid": "^8.3.1"
      }
    },
    "apps/app-a/node_modules/uuid": {
      "version": "8.3.1",
      "resolved": "https://registry.npmjs.org/uuid/-/uuid-8.3.1.tgz",
      "integrity": "sha512-FOmRr+FmWEIG8uhZv6C2bTgEVXsHk08kE7mPlrBbEe+c3r9pjceVPgupIfNIhc4yx55H69OXANrUaSuu9eInKg==",
      "bin": {
        "uuid": "dist/bin/uuid"
      }
    },
    "apps/app-b": {
      "name": "@foo/app-b",
      "version": "1.0.0",
      "dependencies": {
        "@foo/package-b": "1.0.0",
        "uuid": "^8.3.1"
      }
    },
    "apps/app-b/node_modules/uuid": {
      "version": "8.3.1",
      "resolved": "https://registry.npmjs.org/uuid/-/uuid-8.3.1.tgz",
      "integrity": "sha512-FOmRr+FmWEIG8uhZv6C2bTgEVXsHk08kE7mPlrBbEe+c3r9pjceVPgupIfNIhc4yx55H69OXANrUaSuu9eInKg==",
      "bin": {
        "uuid": "dist/bin/uuid"
      }
    },
    "commons/utils": {
      "name": "@foo/utils",
      "version": "1.0.0",
      "dependencies": {
        "@foo/package-a": "1.0.0",
        "uuid": "^8.3.2"
      }
    },
    "node_modules/@foo/app-a": {
      "resolved": "apps/app-a",
      "link": true
    },
    "node_modules/@foo/app-b": {
      "resolved": "apps/app-b",
      "link": true
    },
    "node_modules/@foo/package-a": {
      "resolved": "packages/package-a",
      "link": true
    },
    "node_modules/@foo/package-b": {
      "resolved": "packages/package-b",
      "link": true
    },
    "node_modules/@foo/utils": {
      "resolved": "commons/utils",
      "link": true
    },
    "node_modules/uuid": {
      "version": "8.3.2",
      "resolved": "https://registry.npmjs.org/uuid/-/uuid-8.3.2.tgz",
      "integrity": "sha512-+NYs2QeMWy+GWFOEm9xnn6HCDp0l7QBD7ml8zLUmJ+93Q5NF0NocErnwkTkXVFNiX3/fpC6afS8Dhb/gz7R7eg==",
      "bin": {
        "uuid": "dist/bin/uuid"
      }
    },
    "packages/package-a": {
      "name": "@foo/package-a",
      "version": "1.0.0"
    },
    "packages/package-b": {
      "name": "@foo/package-b",
      "version": "1.0.0",
      "dependencies": {
        "@foo/package-a": "1.0.0"
      }
    }
  },
  "dependencies": {
    "@foo/app-a": {
      "version": "file:apps/app-a",
      "requires": {
        "@foo/package-a": "1.0.0",
        "uuid": "8.3.1"
      },
      "dependencies": {
        "uuid": {
          "version": "8.3.1",
          "resolved": "https://registry.npmjs.org/uuid/-/uuid-8.3.1.tgz",
          "integrity": "sha512-FOmRr+FmWEIG8uhZv6C2bTgEVXsHk08kE7mPlrBbEe+c3r9pjceVPgupIfNIhc4yx55H69OXANrUaSuu9eInKg=="
        }
      }
    },
    "@foo/app-b": {
      "version": "file:apps/app-b",
      "requires": {
        "@foo/package-b": "1.0.0",
        "uuid": "^8.3.1"
      },
      "dependencies": {
        "uuid": {
          "version": "8.3.1",
          "resolved": "https://registry.npmjs.org/uuid/-/uuid-8.3.1.tgz",
          "integrity": "sha512-FOmRr+FmWEIG8uhZv6C2bTgEVXsHk08kE7mPlrBbEe+c3r9pjceVPgupIfNIhc4yx55H69OXANrUaSuu9eInKg=="
        }
      }
    },
    "@foo/package-a": {
      "version": "file:packages/package-a"
    },
    "@foo/package-b": {
      "version": "file:packages/package-b",
      "requires": {
        "@foo/package-a": "1.0.0"
      }
    },
    "@foo/utils": {
      "version": "file:commons/utils",
      "requires": {
        "@foo/package-a": "1.0.0",
        "uuid": "^8.3.2"
      }
    },
    "uuid": {
      "version": "8.3.2",
      "resolved": "https://registry.npmjs.org/uuid/-/uuid-8.3.2.tgz",
      "integrity": "sha512-+NYs2QeMWy+GWFOEm9xnn6HCDp0l7QBD7ml8zLUmJ+93Q5NF0NocErnwkTkXVFNiX3/fpC6afS8Dhb/gz7R7eg=="
    }
  }
}
